
Microsoft Visual Studio Solution File, Format Version 12.00
# Visual Studio Version 17
VisualStudioVersion = 17.5.33516.290
MinimumVisualStudioVersion = 10.0.40219.1
Project("{FAE04EC0-301F-11D3-BF4B-00C04F79EFBC}") = "Web_Ban_Quan_Ao", "Web_Ban_Quan_Ao.csproj", "{0EE1095E-E93B-4C0D-82B6-D2D7B1E820DC}"
EndProject
Global
	GlobalSection(SolutionConfigurationPlatforms) = preSolution
		Debug|Any CPU = Debug|Any CPU
		Release|Any CPU = Release|Any CPU
	EndGlobalSection
	GlobalSection(ProjectConfigurationPlatforms) = postSolution
		{0EE1095E-E93B-4C0D-82B6-D2D7B1E820DC}.Debug|Any CPU.ActiveCfg = Debug|Any CPU
		{0EE1095E-E93B-4C0D-82B6-D2D7B1E820DC}.Debug|Any CPU.Build.0 = Debug|Any CPU
		{0EE1095E-E93B-4C0D-82B6-D2D7B1E820DC}.Release|Any CPU.ActiveCfg = Release|Any CPU
		{0EE1095E-E93B-4C0D-82B6-D2D7B1E820DC}.Release|Any CPU.Build.0 = Release|Any CPU
	EndGlobalSection
	GlobalSection(SolutionProperties) = preSolution
		HideSolutionNode = FALSE
	EndGlobalSection
	GlobalSection(ExtensibilityGlobals) = postSolution
		SolutionGuid = {A0145E50-5938-4B94-B98D-B897A57B9FBA}
	EndGlobalSection
EndGlobal
